// !$*UTF8*$!
{
	archiveVersion = 1;
	classes = {
	};
	objectVersion = 55;
	objects = {

/* Begin PBXBuildFile section */
		A1A1DF2F279F911A00051CB6 /* quitWidget.swift in Sources */ = {isa = PBXBuildFile; fileRef = A1A1DF2E279F911A00051CB6 /* quitWidget.swift */; };
		A1A1DF39279F919300051CB6 /* PockKit in Frameworks */ = {isa = PBXBuildFile; productRef = A1A1DF38279F919300051CB6 /* PockKit */; };
		AE5F88C645759647020C1E10 /* Pods_Quit.framework in Frameworks */ = {isa = PBXBuildFile; fileRef = 684FD4F9C124BE7915DBB01A /* Pods_Quit.framework */; };
/* End PBXBuildFile section */

/* Begin PBXFileReference section */
		684FD4F9C124BE7915DBB01A /* Pods_Quit.framework */ = {isa = PBXFileReference; explicitFileType = wrapper.framework; includeInIndex = 0; path = Pods_Quit.framework; sourceTree = BUILT_PRODUCTS_DIR; };
		A1A1DF2A279F911A00051CB6 /* Quit.pock */ = {isa = PBXFileReference; explicitFileType = wrapper.cfbundle; includeInIndex = 0; path = Quit.pock; sourceTree = BUILT_PRODUCTS_DIR; };
		A1A1DF2E279F911A00051CB6 /* quitWidget.swift */ = {isa = PBXFileReference; lastKnownFileType = sourcecode.swift; path = quitWidget.swift; sourceTree = "<group>"; };
		A1A1DF30279F911A00051CB6 /* Podfile */ = {isa = PBXFileReference; lastKnownFileType = text; name = Podfile; path = ../Podfile; sourceTree = "<group>"; xcLanguageSpecificationIdentifier = xcode.lang.ruby; };
		A1A1DF31279F911A00051CB6 /* Info.plist */ = {isa = PBXFileReference; lastKnownFileType = text.plist.xml; path = Info.plist; sourceTree = "<group>"; };
		B9C7FB8AB1EBDFDCDEC7C72E /* Pods-Quit.debug.xcconfig */ = {isa = PBXFileReference; includeInIndex = 1; lastKnownFileType = text.xcconfig; name = "Pods-Quit.debug.xcconfig"; path = "Target Support Files/Pods-Quit/Pods-Quit.debug.xcconfig"; sourceTree = "<group>"; };
		D8D0B5BCF32C1C0B927F8257 /* Pods-Quit.release.xcconfig */ = {isa = PBXFileReference; includeInIndex = 1; lastKnownFileType = text.xcconfig; name = "Pods-Quit.release.xcconfig"; path = "Target Support Files/Pods-Quit/Pods-Quit.release.xcconfig"; sourceTree = "<group>"; };
/* End PBXFileReference section */

/* Begin PBXFrameworksBuildPhase section */
		A1A1DF26279F911A00051CB6 /* Frameworks */ = {
			isa = PBXFrameworksBuildPhase;
			buildActionMask = 2147483647;
			files = (
				A1A1DF39279F919300051CB6 /* PockKit in Frameworks */,
				AE5F88C645759647020C1E10 /* Pods_Quit.framework in Frameworks */,
			);
			runOnlyForDeploymentPostprocessing = 0;
		};
/* End PBXFrameworksBuildPhase section */

/* Begin PBXGroup section */
		43D7A8914B6189085DF27FE0 /* Pods */ = {
			isa = PBXGroup;
			children = (
				B9C7FB8AB1EBDFDCDEC7C72E /* Pods-Quit.debug.xcconfig */,
				D8D0B5BCF32C1C0B927F8257 /* Pods-Quit.release.xcconfig */,
			);
			path = Pods;
			sourceTree = "<group>";
		};
		7C131D493B1A816250456BD4 /* Frameworks */ = {
			isa = PBXGroup;
			children = (
				684FD4F9C124BE7915DBB01A /* Pods_Quit.framework */,
			);
			name = Frameworks;
			sourceTree = "<group>";
		};
		A1A1DF20279F911A00051CB6 = {
			isa = PBXGroup;
			children = (
				A1A1DF2C279F911A00051CB6 /* Quit */,
				A1A1DF2B279F911A00051CB6 /* Products */,
				43D7A8914B6189085DF27FE0 /* Pods */,
				7C131D493B1A816250456BD4 /* Frameworks */,
			);
			sourceTree = "<group>";
		};
		A1A1DF2B279F911A00051CB6 /* Products */ = {
			isa = PBXGroup;
			children = (
				A1A1DF2A279F911A00051CB6 /* Quit.pock */,
			);
			name = Products;
			sourceTree = "<group>";
		};
		A1A1DF2C279F911A00051CB6 /* Quit */ = {
			isa = PBXGroup;
			children = (
				A1A1DF30279F911A00051CB6 /* Podfile */,
				A1A1DF31279F911A00051CB6 /* Info.plist */,
				A1A1DF2D279F911A00051CB6 /* Sources */,
			);
			path = Quit;
			sourceTree = "<group>";
		};
		A1A1DF2D279F911A00051CB6 /* Sources */ = {
			isa = PBXGroup;
			children = (
				A1A1DF2E279F911A00051CB6 /* quitWidget.swift */,
			);
			path = Sources;
			sourceTree = "<group>";
		};
/* End PBXGroup section */

/* Begin PBXNativeTarget section */
		A1A1DF29279F911A00051CB6 /* Quit */ = {
			isa = PBXNativeTarget;
			buildConfigurationList = A1A1DF34279F911A00051CB6 /* Build configuration list for PBXNativeTarget "Quit" */;
			buildPhases = (
				22E869818206F0341F6CEA19 /* [CP] Check Pods Manifest.lock */,
				A1A1DF25279F911A00051CB6 /* Sources */,
				A1A1DF26279F911A00051CB6 /* Frameworks */,
				A1A1DF27279F911A00051CB6 /* Resources */,
				A1A1DF28279F911A00051CB6 /* [PK] Install widget */,
			);
			buildRules = (
			);
			dependencies = (
			);
			name = Quit;
			packageProductDependencies = (
				A1A1DF38279F919300051CB6 /* PockKit */,
			);
			productName = Quit;
			productReference = A1A1DF2A279F911A00051CB6 /* Quit.pock */;
			productType = "com.apple.product-type.bundle";
		};
/* End PBXNativeTarget section */

/* Begin PBXProject section */
		A1A1DF21279F911A00051CB6 /* Project object */ = {
			isa = PBXProject;
			attributes = {
				BuildIndependentTargetsInParallel = 1;
				LastSwiftUpdateCheck = 1320;
				LastUpgradeCheck = 1320;
				TargetAttributes = {
					A1A1DF29279F911A00051CB6 = {
						CreatedOnToolsVersion = 13.2.1;
					};
				};
			};
			buildConfigurationList = A1A1DF24279F911A00051CB6 /* Build configuration list for PBXProject "Quit" */;
			compatibilityVersion = "Xcode 13.0";
			developmentRegion = en;
			hasScannedForEncodings = 0;
			knownRegions = (
				en,
				Base,
			);
			mainGroup = A1A1DF20279F911A00051CB6;
			packageReferences = (
				A1A1DF37279F919200051CB6 /* XCRemoteSwiftPackageReference "pockkit" */,
			);
			productRefGroup = A1A1DF2B279F911A00051CB6 /* Products */;
			projectDirPath = "";
			projectRoot = "";
			targets = (
				A1A1DF29279F911A00051CB6 /* Quit */,
			);
		};
/* End PBXProject section */

/* Begin PBXResourcesBuildPhase section */
		A1A1DF27279F911A00051CB6 /* Resources */ = {
			isa = PBXResourcesBuildPhase;
			buildActionMask = 2147483647;
			files = (
			);
			runOnlyForDeploymentPostprocessing = 0;
		};
/* End PBXResourcesBuildPhase section */

/* Begin PBXShellScriptBuildPhase section */
		22E869818206F0341F6CEA19 /* [CP] Check Pods Manifest.lock */ = {
			isa = PBXShellScriptBuildPhase;
			buildActionMask = 2147483647;
			files = (
			);
			inputFileListPaths = (
			);
			inputPaths = (
				"${PODS_PODFILE_DIR_PATH}/Podfile.lock",
				"${PODS_ROOT}/Manifest.lock",
			);
			name = "[CP] Check Pods Manifest.lock";
			outputFileListPaths = (
			);
			outputPaths = (
				"$(DERIVED_FILE_DIR)/Pods-Quit-checkManifestLockResult.txt",
			);
			runOnlyForDeploymentPostprocessing = 0;
			shellPath = /bin/sh;
			shellScript = "diff \"${PODS_PODFILE_DIR_PATH}/Podfile.lock\" \"${PODS_ROOT}/Manifest.lock\" > /dev/null\nif [ $? != 0 ] ; then\n    # print error to STDERR\n    echo \"error: The sandbox is not in sync with the Podfile.lock. Run 'pod install' or update your CocoaPods installation.\" >&2\n    exit 1\nfi\n# This output is used by Xcode 'outputs' to avoid re-running this script phase.\necho \"SUCCESS\" > \"${SCRIPT_OUTPUT_FILE_0}\"\n";
			showEnvVarsInLog = 0;
		};
		A1A1DF28279F911A00051CB6 /* [PK] Install widget */ = {
			isa = PBXShellScriptBuildPhase;
			buildActionMask = 2147483647;
			files = (
			);
			inputFileListPaths = (
			);
			inputPaths = (
			);
			name = "[PK] Install widget";
			outputFileListPaths = (
			);
			outputPaths = (
			);
			runOnlyForDeploymentPostprocessing = 0;
			shellPath = /bin/sh;
			shellScript = "# Install widget.\necho \"[${PRODUCT_NAME}.pock] Starting installation\"\nFILEPATH=$TARGET_BUILD_DIR/$PRODUCT_NAME.pock \nopen \"$FILEPATH\"";
		};
/* End PBXShellScriptBuildPhase section */

/* Begin PBXSourcesBuildPhase section */
		A1A1DF25279F911A00051CB6 /* Sources */ = {
			isa = PBXSourcesBuildPhase;
			buildActionMask = 2147483647;
			files = (
				A1A1DF2F279F911A00051CB6 /* quitWidget.swift in Sources */,
			);
			runOnlyForDeploymentPostprocessing = 0;
		};
/* End PBXSourcesBuildPhase section */

/* Begin XCBuildConfiguration section */
		A1A1DF32279F911A00051CB6 /* Debug */ = {
			isa = XCBuildConfiguration;
			buildSettings = {
				ALWAYS_SEARCH_USER_PATHS = NO;
				CLANG_ANALYZER_NONNULL = YES;
				CLANG_ANALYZER_NUMBER_OBJECT_CONVERSION = YES_AGGRESSIVE;
				CLANG_CXX_LANGUAGE_STANDARD = "gnu++17";
				CLANG_CXX_LIBRARY = "libc++";
				CLANG_ENABLE_MODULES = YES;
				CLANG_ENABLE_OBJC_ARC = YES;
				CLANG_ENABLE_OBJC_WEAK = YES;
				CLANG_WARN_BLOCK_CAPTURE_AUTORELEASING = YES;
				CLANG_WARN_BOOL_CONVERSION = YES;
				CLANG_WARN_COMMA = YES;
				CLANG_WARN_CONSTANT_CONVERSION = YES;
				CLANG_WARN_DEPRECATED_OBJC_IMPLEMENTATIONS = YES;
				CLANG_WARN_DIRECT_OBJC_ISA_USAGE = YES_ERROR;
				CLANG_WARN_DOCUMENTATION_COMMENTS = YES;
				CLANG_WARN_EMPTY_BODY = YES;
				CLANG_WARN_ENUM_CONVERSION = YES;
				CLANG_WARN_INFINITE_RECURSION = YES;
				CLANG_WARN_INT_CONVERSION = YES;
				CLANG_WARN_NON_LITERAL_NULL_CONVERSION = YES;
				CLANG_WARN_OBJC_IMPLICIT_RETAIN_SELF = YES;
				CLANG_WARN_OBJC_LITERAL_CONVERSION = YES;
				CLANG_WARN_OBJC_ROOT_CLASS = YES_ERROR;
				CLANG_WARN_QUOTED_INCLUDE_IN_FRAMEWORK_HEADER = YES;
				CLANG_WARN_RANGE_LOOP_ANALYSIS = YES;
				CLANG_WARN_STRICT_PROTOTYPES = YES;
				CLANG_WARN_SUSPICIOUS_MOVE = YES;
				CLANG_WARN_UNGUARDED_AVAILABILITY = YES_AGGRESSIVE;
				CLANG_WARN_UNREACHABLE_CODE = YES;
				CLANG_WARN__DUPLICATE_METHOD_MATCH = YES;
				COPY_PHASE_STRIP = NO;
				DEBUG_INFORMATION_FORMAT = dwarf;
				ENABLE_STRICT_OBJC_MSGSEND = YES;
				ENABLE_TESTABILITY = YES;
				GCC_C_LANGUAGE_STANDARD = gnu11;
				GCC_DYNAMIC_NO_PIC = NO;
				GCC_NO_COMMON_BLOCKS = YES;
				GCC_OPTIMIZATION_LEVEL = 0;
				GCC_PREPROCESSOR_DEFINITIONS = (
					"DEBUG=1",
					"$(inherited)",
				);
				GCC_WARN_64_TO_32_BIT_CONVERSION = YES;
				GCC_WARN_ABOUT_RETURN_TYPE = YES_ERROR;
				GCC_WARN_UNDECLARED_SELECTOR = YES;
				GCC_WARN_UNINITIALIZED_AUTOS = YES_AGGRESSIVE;
				GCC_WARN_UNUSED_FUNCTION = YES;
				GCC_WARN_UNUSED_VARIABLE = YES;
				MACOSX_DEPLOYMENT_TARGET = 12.1;
				MTL_ENABLE_DEBUG_INFO = INCLUDE_SOURCE;
				MTL_FAST_MATH = YES;
				ONLY_ACTIVE_ARCH = YES;
				SDKROOT = macosx;
			};
			name = Debug;
		};
		A1A1DF33279F911A00051CB6 /* Release */ = {
			isa = XCBuildConfiguration;
			buildSettings = {
				ALWAYS_SEARCH_USER_PATHS = NO;
				CLANG_ANALYZER_NONNULL = YES;
				CLANG_ANALYZER_NUMBER_OBJECT_CONVERSION = YES_AGGRESSIVE;
				CLANG_CXX_LANGUAGE_STANDARD = "gnu++17";
				CLANG_CXX_LIBRARY = "libc++";
				CLANG_ENABLE_MODULES = YES;
				CLANG_ENABLE_OBJC_ARC = YES;
				CLANG_ENABLE_OBJC_WEAK = YES;
				CLANG_WARN_BLOCK_CAPTURE_AUTORELEASING = YES;
				CLANG_WARN_BOOL_CONVERSION = YES;
				CLANG_WARN_COMMA = YES;
				CLANG_WARN_CONSTANT_CONVERSION = YES;
				CLANG_WARN_DEPRECATED_OBJC_IMPLEMENTATIONS = YES;
				CLANG_WARN_DIRECT_OBJC_ISA_USAGE = YES_ERROR;
				CLANG_WARN_DOCUMENTATION_COMMENTS = YES;
				CLANG_WARN_EMPTY_BODY = YES;
				CLANG_WARN_ENUM_CONVERSION = YES;
				CLANG_WARN_INFINITE_RECURSION = YES;
				CLANG_WARN_INT_CONVERSION = YES;
				CLANG_WARN_NON_LITERAL_NULL_CONVERSION = YES;
				CLANG_WARN_OBJC_IMPLICIT_RETAIN_SELF = YES;
				CLANG_WARN_OBJC_LITERAL_CONVERSION = YES;
				CLANG_WARN_OBJC_ROOT_CLASS = YES_ERROR;
				CLANG_WARN_QUOTED_INCLUDE_IN_FRAMEWORK_HEADER = YES;
				CLANG_WARN_RANGE_LOOP_ANALYSIS = YES;
				CLANG_WARN_STRICT_PROTOTYPES = YES;
				CLANG_WARN_SUSPICIOUS_MOVE = YES;
				CLANG_WARN_UNGUARDED_AVAILABILITY = YES_AGGRESSIVE;
				CLANG_WARN_UNREACHABLE_CODE = YES;
				CLANG_WARN__DUPLICATE_METHOD_MATCH = YES;
				COPY_PHASE_STRIP = NO;
				DEBUG_INFORMATION_FORMAT = "dwarf-with-dsym";
				ENABLE_NS_ASSERTIONS = NO;
				ENABLE_STRICT_OBJC_MSGSEND = YES;
				GCC_C_LANGUAGE_STANDARD = gnu11;
				GCC_NO_COMMON_BLOCKS = YES;
				GCC_WARN_64_TO_32_BIT_CONVERSION = YES;
				GCC_WARN_ABOUT_RETURN_TYPE = YES_ERROR;
				GCC_WARN_UNDECLARED_SELECTOR = YES;
				GCC_WARN_UNINITIALIZED_AUTOS = YES_AGGRESSIVE;
				GCC_WARN_UNUSED_FUNCTION = YES;
				GCC_WARN_UNUSED_VARIABLE = YES;
				MACOSX_DEPLOYMENT_TARGET = 12.1;
				MTL_ENABLE_DEBUG_INFO = NO;
				MTL_FAST_MATH = YES;
				SDKROOT = macosx;
				SWIFT_COMPILATION_MODE = wholemodule;
			};
			name = Release;
		};
		A1A1DF35279F911A00051CB6 /* Debug */ = {
			isa = XCBuildConfiguration;
			baseConfigurationReference = B9C7FB8AB1EBDFDCDEC7C72E /* Pods-Quit.debug.xcconfig */;
			buildSettings = {
				ALWAYS_EMBED_SWIFT_STANDARD_LIBRARIES = YES;
				CODE_SIGN_STYLE = Automatic;
				COMBINE_HIDPI_IMAGES = YES;
				CURRENT_PROJECT_VERSION = 1;
				DEVELOPMENT_TEAM = 8Q5EHV775H;
				GENERATE_INFOPLIST_FILE = YES;
				INFOPLIST_FILE = Quit/Info.plist;
				INSTALL_PATH = "$(LOCAL_LIBRARY_DIR)/Application\\ Support/Pock/Widgets";
				MARKETING_VERSION = 1.0;
				PRODUCT_BUNDLE_IDENTIFIER = com.example.Quit;
				PRODUCT_NAME = "$(TARGET_NAME)";
				SWIFT_EMIT_LOC_STRINGS = YES;
				SWIFT_VERSION = 5.0;
				WRAPPER_EXTENSION = pock;
			};
			name = Debug;
		};
		A1A1DF36279F911A00051CB6 /* Release */ = {
			isa = XCBuildConfiguration;
			baseConfigurationReference = D8D0B5BCF32C1C0B927F8257 /* Pods-Quit.release.xcconfig */;
			buildSettings = {
				ALWAYS_EMBED_SWIFT_STANDARD_LIBRARIES = YES;
				CODE_SIGN_STYLE = Automatic;
				COMBINE_HIDPI_IMAGES = YES;
				CURRENT_PROJECT_VERSION = 1;
				DEVELOPMENT_TEAM = 8Q5EHV775H;
				GENERATE_INFOPLIST_FILE = YES;
				INFOPLIST_FILE = Quit/Info.plist;
				INSTALL_PATH = "$(LOCAL_LIBRARY_DIR)/Application\\ Support/Pock/Widgets";
				MARKETING_VERSION = 1.0;
				PRODUCT_BUNDLE_IDENTIFIER = com.example.Quit;
				PRODUCT_NAME = "$(TARGET_NAME)";
				SWIFT_EMIT_LOC_STRINGS = YES;
				SWIFT_VERSION = 5.0;
				WRAPPER_EXTENSION = pock;
			};
			name = Release;
		};
/* End XCBuildConfiguration section */

/* Begin XCConfigurationList section */
		A1A1DF24279F911A00051CB6 /* Build configuration list for PBXProject "Quit" */ = {
			isa = XCConfigurationList;
			buildConfigurations = (
				A1A1DF32279F911A00051CB6 /* Debug */,
				A1A1DF33279F911A00051CB6 /* Release */,
			);
			defaultConfigurationIsVisible = 0;
			defaultConfigurationName = Release;
		};
		A1A1DF34279F911A00051CB6 /* Build configuration list for PBXNativeTarget "Quit" */ = {
			isa = XCConfigurationList;
			buildConfigurations = (
				A1A1DF35279F911A00051CB6 /* Debug */,
				A1A1DF36279F911A00051CB6 /* Release */,
			);
			defaultConfigurationIsVisible = 0;
			defaultConfigurationName = Release;
		};
/* End XCConfigurationList section */

/* Begin XCRemoteSwiftPackageReference section */
		A1A1DF37279F919200051CB6 /* XCRemoteSwiftPackageReference "pockkit" */ = {
			isa = XCRemoteSwiftPackageReference;
			repositoryURL = "https://github.com/pock/pockkit.git";
			requirement = {
				kind = upToNextMajorVersion;
				minimumVersion = 0.3.1;
			};
		};
/* End XCRemoteSwiftPackageReference section */

/* Begin XCSwiftPackageProductDependency section */
		A1A1DF38279F919300051CB6 /* PockKit */ = {
			isa = XCSwiftPackageProductDependency;
			package = A1A1DF37279F919200051CB6 /* XCRemoteSwiftPackageReference "pockkit" */;
			productName = PockKit;
		};
/* End XCSwiftPackageProductDependency section */
	};
	rootObject = A1A1DF21279F911A00051CB6 /* Project object */;
}
